# THIS IS AN AUTOGENERATED FILE. DO NOT EDIT THIS FILE DIRECTLY.
# yarn lockfile v1


"@babel/helper-validator-identifier@^7.16.7":
  version "7.16.7"
  resolved "https://registry.npmmirror.com/@babel/helper-validator-identifier/-/helper-validator-identifier-7.16.7.tgz"

"@babel/parser@^7.16.4", "@babel/parser@^7.6.0", "@babel/parser@^7.9.6":
  version "7.17.7"
  resolved "https://registry.npmmirror.com/@babel/parser/-/parser-7.17.7.tgz"

"@babel/types@^7.6.1", "@babel/types@^7.9.6":
  version "7.17.0"
  resolved "https://registry.npmmirror.com/@babel/types/-/types-7.17.0.tgz"
  dependencies:
    "@babel/helper-validator-identifier" "^7.16.7"
    to-fast-properties "^2.0.0"

"@css-render/plugin-bem@^0.15.8":
  version "0.15.8"
  resolved "https://registry.npmjs.org/@css-render/plugin-bem/-/plugin-bem-0.15.8.tgz"

"@css-render/vue3-ssr@^0.15.7", "@css-render/vue3-ssr@^0.15.8":
  version "0.15.9"
  resolved "https://registry.npmmirror.com/@css-render/vue3-ssr/-/vue3-ssr-0.15.9.tgz"

"@emmetio/abbreviation@^2.2.3":
  version "2.2.3"
  resolved "https://registry.npmmirror.com/@emmetio/abbreviation/-/abbreviation-2.2.3.tgz"
  dependencies:
    "@emmetio/scanner" "^1.0.0"

"@emmetio/css-abbreviation@^2.1.4":
  version "2.1.4"
  resolved "https://registry.npmmirror.com/@emmetio/css-abbreviation/-/css-abbreviation-2.1.4.tgz"
  dependencies:
    "@emmetio/scanner" "^1.0.0"

"@emmetio/scanner@^1.0.0":
  version "1.0.0"
  resolved "https://registry.npmmirror.com/@emmetio/scanner/-/scanner-1.0.0.tgz"

"@emotion/hash@~0.8.0":
  version "0.8.0"
  resolved "https://registry.npmjs.org/@emotion/hash/-/hash-0.8.0.tgz"

"@types/animejs@^3.1.4":
  version "3.1.4"
  resolved "https://registry.npmjs.org/@types/animejs/-/animejs-3.1.4.tgz"

"@types/jest@^27.0.1":
  version "27.4.1"
  resolved "https://registry.npmmirror.com/@types/jest/-/jest-27.4.1.tgz"
  dependencies:
    jest-matcher-utils "^27.0.0"
    pretty-format "^27.0.0"

"@types/lodash-es@^4.17.4":
  version "4.17.5"
  resolved "https://registry.npmjs.org/@types/lodash-es/-/lodash-es-4.17.5.tgz"
  dependencies:
    "@types/lodash" "*"

"@types/lodash@*", "@types/lodash@^4.14.170":
  version "4.14.178"
  resolved "https://registry.npmjs.org/@types/lodash/-/lodash-4.14.178.tgz"

"@types/node@~14.14.31":
  version "14.14.45"
  resolved "https://registry.npmjs.org/@types/node/-/node-14.14.45.tgz"

"@types/node@~17.0.5":
  version "17.0.21"
  resolved "https://registry.npmmirror.com/@types/node/-/node-17.0.21.tgz"

"@types/uuid@^8.3.4":
  version "8.3.4"
  resolved "https://registry.npmmirror.com/@types/uuid/-/uuid-8.3.4.tgz"

"@vicons/fa@^0.12.0":
  version "0.12.0"
  resolved "https://registry.npmmirror.com/@vicons/fa/-/fa-0.12.0.tgz"

"@vicons/utils@^0.1.4":
  version "0.1.4"
  resolved "https://registry.npmjs.org/@vicons/utils/-/utils-0.1.4.tgz"
  dependencies:
    "@xicons/utils" "^0.1.4"

"@vitejs/plugin-vue@^2.0.1":
  version "2.0.1"
  resolved "https://registry.npmjs.org/@vitejs/plugin-vue/-/plugin-vue-2.0.1.tgz"

"@volar/code-gen@0.31.4":
  version "0.31.4"
  resolved "https://registry.npmmirror.com/@volar/code-gen/-/code-gen-0.31.4.tgz"
  dependencies:
    "@volar/shared" "0.31.4"
    "@volar/source-map" "0.31.4"

"@volar/html2pug@0.31.4":
  version "0.31.4"
  resolved "https://registry.npmmirror.com/@volar/html2pug/-/html2pug-0.31.4.tgz"
  dependencies:
    domelementtype "^2.2.0"
    domhandler "^4.3.0"
    htmlparser2 "^7.2.0"
    pug "^3.0.2"

"@volar/shared@0.31.4":
  version "0.31.4"
  resolved "https://registry.npmmirror.com/@volar/shared/-/shared-0.31.4.tgz"
  dependencies:
    upath "^2.0.1"
    vscode-html-languageservice "^4.2.1"
    vscode-jsonrpc "^8.0.0-next.5"
    vscode-uri "^3.0.3"

"@volar/source-map@0.31.4":
  version "0.31.4"
  resolved "https://registry.npmmirror.com/@volar/source-map/-/source-map-0.31.4.tgz"
  dependencies:
    "@volar/shared" "0.31.4"
    vscode-languageserver-textdocument "^1.0.3"

"@volar/transforms@0.31.4":
  version "0.31.4"
  resolved "https://registry.npmmirror.com/@volar/transforms/-/transforms-0.31.4.tgz"
  dependencies:
    "@volar/shared" "0.31.4"
    vscode-languageserver-types "^3.17.0-next.6"

"@volar/vue-code-gen@0.31.4":
  version "0.31.4"
  resolved "https://registry.npmmirror.com/@volar/vue-code-gen/-/vue-code-gen-0.31.4.tgz"
  dependencies:
    "@volar/code-gen" "0.31.4"
    "@volar/shared" "0.31.4"
    "@volar/source-map" "0.31.4"
    "@vue/compiler-core" "^3.2.27"
    "@vue/compiler-dom" "^3.2.27"
    "@vue/shared" "^3.2.27"
    upath "^2.0.1"

"@vscode/emmet-helper@^2.8.3":
  version "2.8.4"
  resolved "https://registry.npmmirror.com/@vscode/emmet-helper/-/emmet-helper-2.8.4.tgz"
  dependencies:
    emmet "^2.3.0"
    jsonc-parser "^2.3.0"
    vscode-languageserver-textdocument "^1.0.1"
    vscode-languageserver-types "^3.15.1"
    vscode-nls "^5.0.0"
    vscode-uri "^2.1.2"

"@vue/compiler-core@3.2.31", "@vue/compiler-core@^3.2.27":
  version "3.2.31"
  resolved "https://registry.npmmirror.com/@vue/compiler-core/-/compiler-core-3.2.31.tgz"
  dependencies:
    "@babel/parser" "^7.16.4"
    "@vue/shared" "3.2.31"
    estree-walker "^2.0.2"
    source-map "^0.6.1"

"@vue/compiler-dom@3.2.31", "@vue/compiler-dom@^3.2.27":
  version "3.2.31"
  resolved "https://registry.npmmirror.com/@vue/compiler-dom/-/compiler-dom-3.2.31.tgz"
  dependencies:
    "@vue/compiler-core" "3.2.31"
    "@vue/shared" "3.2.31"

"@vue/compiler-sfc@3.2.31":
  version "3.2.31"
  resolved "https://registry.npmmirror.com/@vue/compiler-sfc/-/compiler-sfc-3.2.31.tgz"
  dependencies:
    "@babel/parser" "^7.16.4"
    "@vue/compiler-core" "3.2.31"
    "@vue/compiler-dom" "3.2.31"
    "@vue/compiler-ssr" "3.2.31"
    "@vue/reactivity-transform" "3.2.31"
    "@vue/shared" "3.2.31"
    estree-walker "^2.0.2"
    magic-string "^0.25.7"
    postcss "^8.1.10"
    source-map "^0.6.1"

"@vue/compiler-ssr@3.2.31":
  version "3.2.31"
  resolved "https://registry.npmmirror.com/@vue/compiler-ssr/-/compiler-ssr-3.2.31.tgz"
  dependencies:
    "@vue/compiler-dom" "3.2.31"
    "@vue/shared" "3.2.31"

"@vue/devtools-api@^6.0.0", "@vue/devtools-api@^6.0.0-beta.11":
  version "6.1.3"
  resolved "https://registry.npmmirror.com/@vue/devtools-api/-/devtools-api-6.1.3.tgz"

"@vue/reactivity-transform@3.2.31":
  version "3.2.31"
  resolved "https://registry.npmmirror.com/@vue/reactivity-transform/-/reactivity-transform-3.2.31.tgz"
  dependencies:
    "@babel/parser" "^7.16.4"
    "@vue/compiler-core" "3.2.31"
    "@vue/shared" "3.2.31"
    estree-walker "^2.0.2"
    magic-string "^0.25.7"

"@vue/reactivity@3.2.31", "@vue/reactivity@^3.2.27":
  version "3.2.31"
  resolved "https://registry.npmmirror.com/@vue/reactivity/-/reactivity-3.2.31.tgz"
  dependencies:
    "@vue/shared" "3.2.31"

"@vue/runtime-core@3.2.31":
  version "3.2.31"
  resolved "https://registry.npmmirror.com/@vue/runtime-core/-/runtime-core-3.2.31.tgz"
  dependencies:
    "@vue/reactivity" "3.2.31"
    "@vue/shared" "3.2.31"

"@vue/runtime-dom@3.2.31":
  version "3.2.31"
  resolved "https://registry.npmmirror.com/@vue/runtime-dom/-/runtime-dom-3.2.31.tgz"
  dependencies:
    "@vue/runtime-core" "3.2.31"
    "@vue/shared" "3.2.31"
    csstype "^2.6.8"

"@vue/server-renderer@3.2.31":
  version "3.2.31"
  resolved "https://registry.npmmirror.com/@vue/server-renderer/-/server-renderer-3.2.31.tgz"
  dependencies:
    "@vue/compiler-ssr" "3.2.31"
    "@vue/shared" "3.2.31"

"@vue/shared@3.2.31", "@vue/shared@^3.2.27":
  version "3.2.31"
  resolved "https://registry.npmmirror.com/@vue/shared/-/shared-3.2.31.tgz"

"@xicons/utils@^0.1.4":
  version "0.1.4"
  resolved "https://registry.npmjs.org/@xicons/utils/-/utils-0.1.4.tgz"
  dependencies:
    css-render "^0.13.2"

acorn@^7.1.1:
  version "7.4.1"
  resolved "https://registry.npmmirror.com/acorn/-/acorn-7.4.1.tgz"

animejs@^3.2.1:
  version "3.2.1"
  resolved "https://registry.npmjs.org/animejs/-/animejs-3.2.1.tgz"

ansi-regex@^5.0.1:
  version "5.0.1"
  resolved "https://registry.npmmirror.com/ansi-regex/-/ansi-regex-5.0.1.tgz"

ansi-styles@^4.1.0:
  version "4.3.0"
  resolved "https://registry.npmmirror.com/ansi-styles/-/ansi-styles-4.3.0.tgz"
  dependencies:
    color-convert "^2.0.1"

ansi-styles@^5.0.0:
  version "5.2.0"
  resolved "https://registry.npmmirror.com/ansi-styles/-/ansi-styles-5.2.0.tgz"

anymatch@~3.1.2:
  version "3.1.2"
  resolved "https://registry.npmjs.org/anymatch/-/anymatch-3.1.2.tgz"
  dependencies:
    normalize-path "^3.0.0"
    picomatch "^2.0.4"

asap@~2.0.3:
  version "2.0.6"
  resolved "https://registry.npmmirror.com/asap/-/asap-2.0.6.tgz"

assert-never@^1.2.1:
  version "1.2.1"
  resolved "https://registry.npmmirror.com/assert-never/-/assert-never-1.2.1.tgz"

async-validator@^4.0.1:
  version "4.0.7"
  resolved "https://registry.npmjs.org/async-validator/-/async-validator-4.0.7.tgz"

axios@^0.26.0:
  version "0.26.1"
  resolved "https://registry.npmmirror.com/axios/-/axios-0.26.1.tgz"
  dependencies:
    follow-redirects "^1.14.8"

babel-walk@3.0.0-canary-5:
  version "3.0.0-canary-5"
  resolved "https://registry.npmmirror.com/babel-walk/-/babel-walk-3.0.0-canary-5.tgz"
  dependencies:
    "@babel/types" "^7.9.6"

binary-extensions@^2.0.0:
  version "2.2.0"
  resolved "https://registry.npmjs.org/binary-extensions/-/binary-extensions-2.2.0.tgz"

braces@~3.0.2:
  version "3.0.2"
  resolved "https://registry.npmjs.org/braces/-/braces-3.0.2.tgz"
  dependencies:
    fill-range "^7.0.1"

call-bind@^1.0.2:
  version "1.0.2"
  resolved "https://registry.npmmirror.com/call-bind/-/call-bind-1.0.2.tgz"
  dependencies:
    function-bind "^1.1.1"
    get-intrinsic "^1.0.2"

chalk@^4.0.0:
  version "4.1.2"
  resolved "https://registry.npmmirror.com/chalk/-/chalk-4.1.2.tgz"
  dependencies:
    ansi-styles "^4.1.0"
    supports-color "^7.1.0"

character-parser@^2.2.0:
  version "2.2.0"
  resolved "https://registry.npmmirror.com/character-parser/-/character-parser-2.2.0.tgz"
  dependencies:
    is-regex "^1.0.3"

"chokidar@>=3.0.0 <4.0.0":
  version "3.5.2"
  resolved "https://registry.npmjs.org/chokidar/-/chokidar-3.5.2.tgz"
  dependencies:
    anymatch "~3.1.2"
    braces "~3.0.2"
    glob-parent "~5.1.2"
    is-binary-path "~2.1.0"
    is-glob "~4.0.1"
    normalize-path "~3.0.0"
    readdirp "~3.6.0"
  optionalDependencies:
    fsevents "~2.3.2"

color-convert@^2.0.1:
  version "2.0.1"
  resolved "https://registry.npmmirror.com/color-convert/-/color-convert-2.0.1.tgz"
  dependencies:
    color-name "~1.1.4"

color-name@~1.1.4:
  version "1.1.4"
  resolved "https://registry.npmmirror.com/color-name/-/color-name-1.1.4.tgz"

constantinople@^4.0.1:
  version "4.0.1"
  resolved "https://registry.npmmirror.com/constantinople/-/constantinople-4.0.1.tgz"
  dependencies:
    "@babel/parser" "^7.6.0"
    "@babel/types" "^7.6.1"

css-render@^0.13.2:
  version "0.13.9"
  resolved "https://registry.npmjs.org/css-render/-/css-render-0.13.9.tgz"
  dependencies:
    "@emotion/hash" "~0.8.0"
    "@types/node" "~14.14.31"
    csstype "~3.0.5"

css-render@^0.15.7:
  version "0.15.9"
  resolved "https://registry.npmmirror.com/css-render/-/css-render-0.15.9.tgz"
  dependencies:
    "@emotion/hash" "~0.8.0"
    "@types/node" "~17.0.5"
    csstype "~3.0.5"

css-render@^0.15.8:
  version "0.15.8"
  resolved "https://registry.npmjs.org/css-render/-/css-render-0.15.8.tgz"
  dependencies:
    "@emotion/hash" "~0.8.0"
    "@types/node" "~14.14.31"
    csstype "~3.0.5"

csstype@^2.6.8:
  version "2.6.20"
  resolved "https://registry.npmmirror.com/csstype/-/csstype-2.6.20.tgz"

csstype@~3.0.5:
  version "3.0.10"
  resolved "https://registry.npmjs.org/csstype/-/csstype-3.0.10.tgz"

date-fns-tz@^1.3.0:
  version "1.3.0"
  resolved "https://registry.npmmirror.com/date-fns-tz/-/date-fns-tz-1.3.0.tgz"

date-fns@^2.28.0:
  version "2.28.0"
  resolved "https://registry.npmmirror.com/date-fns/-/date-fns-2.28.0.tgz"

deepmerge@^4.2.2:
  version "4.2.2"
  resolved "https://registry.npmjs.org/deepmerge/-/deepmerge-4.2.2.tgz"

diff-match-patch@^1.0.5:
  version "1.0.5"
  resolved "https://registry.npmmirror.com/diff-match-patch/-/diff-match-patch-1.0.5.tgz"

diff-sequences@^27.5.1:
  version "27.5.1"
  resolved "https://registry.npmmirror.com/diff-sequences/-/diff-sequences-27.5.1.tgz"

doctypes@^1.1.0:
  version "1.1.0"
  resolved "https://registry.npmmirror.com/doctypes/-/doctypes-1.1.0.tgz"

dom-serializer@^1.0.1:
  version "1.3.2"
  resolved "https://registry.npmmirror.com/dom-serializer/-/dom-serializer-1.3.2.tgz"
  dependencies:
    domelementtype "^2.0.1"
    domhandler "^4.2.0"
    entities "^2.0.0"

domelementtype@^2.0.1, domelementtype@^2.2.0:
  version "2.2.0"
  resolved "https://registry.npmmirror.com/domelementtype/-/domelementtype-2.2.0.tgz"

domhandler@^4.2.0, domhandler@^4.2.2, domhandler@^4.3.0:
  version "4.3.0"
  resolved "https://registry.npmmirror.com/domhandler/-/domhandler-4.3.0.tgz"
  dependencies:
    domelementtype "^2.2.0"

domutils@^2.8.0:
  version "2.8.0"
  resolved "https://registry.npmmirror.com/domutils/-/domutils-2.8.0.tgz"
  dependencies:
    dom-serializer "^1.0.1"
    domelementtype "^2.2.0"
    domhandler "^4.2.0"

emmet@^2.3.0:
  version "2.3.6"
  resolved "https://registry.npmmirror.com/emmet/-/emmet-2.3.6.tgz"
  dependencies:
    "@emmetio/abbreviation" "^2.2.3"
    "@emmetio/css-abbreviation" "^2.1.4"

entities@^2.0.0:
  version "2.2.0"
  resolved "https://registry.npmmirror.com/entities/-/entities-2.2.0.tgz"

entities@^3.0.1:
  version "3.0.1"
  resolved "https://registry.npmmirror.com/entities/-/entities-3.0.1.tgz"

esbuild-android-64@0.14.27:
  version "0.14.27"
  resolved "https://registry.yarnpkg.com/esbuild-android-64/-/esbuild-android-64-0.14.27.tgz#b868bbd9955a92309c69df628d8dd1945478b45c"

esbuild-android-arm64@0.14.27:
  version "0.14.27"
  resolved "https://registry.yarnpkg.com/esbuild-android-arm64/-/esbuild-android-arm64-0.14.27.tgz#e7d6430555e8e9c505fd87266bbc709f25f1825c"

esbuild-darwin-64@0.14.27:
  version "0.14.27"
  resolved "https://registry.yarnpkg.com/esbuild-darwin-64/-/esbuild-darwin-64-0.14.27.tgz#4dc7484127564e89b4445c0a560a3cb50b3d68e1"

esbuild-darwin-arm64@0.14.27:
  version "0.14.27"
  resolved "https://registry.yarnpkg.com/esbuild-darwin-arm64/-/esbuild-darwin-arm64-0.14.27.tgz#469e59c665f84a8ed323166624c5e7b9b2d22ac1"

esbuild-freebsd-64@0.14.27:
  version "0.14.27"
  resolved "https://registry.yarnpkg.com/esbuild-freebsd-64/-/esbuild-freebsd-64-0.14.27.tgz#895df03bf5f87094a56c9a5815bf92e591903d70"

esbuild-freebsd-arm64@0.14.27:
  version "0.14.27"
  resolved "https://registry.yarnpkg.com/esbuild-freebsd-arm64/-/esbuild-freebsd-arm64-0.14.27.tgz#0b72a41a6b8655e9a8c5608f2ec1afdcf6958441"

esbuild-linux-32@0.14.27:
  version "0.14.27"
  resolved "https://registry.yarnpkg.com/esbuild-linux-32/-/esbuild-linux-32-0.14.27.tgz#43b8ba3803b0bbe7f051869c6a8bf6de1e95de28"

esbuild-linux-64@0.14.27:
  version "0.14.27"
  resolved "https://registry.yarnpkg.com/esbuild-linux-64/-/esbuild-linux-64-0.14.27.tgz#dc8072097327ecfadba1735562824ce8c05dd0bd"

esbuild-linux-arm64@0.14.27:
  version "0.14.27"
  resolved "https://registry.yarnpkg.com/esbuild-linux-arm64/-/esbuild-linux-arm64-0.14.27.tgz#c52b58cbe948426b1559910f521b0a3f396f10b8"

esbuild-linux-arm@0.14.27:
  version "0.14.27"
  resolved "https://registry.yarnpkg.com/esbuild-linux-arm/-/esbuild-linux-arm-0.14.27.tgz#df869dbd67d4ee3a04b3c7273b6bd2b233e78a18"

esbuild-linux-mips64le@0.14.27:
  version "0.14.27"
  resolved "https://registry.yarnpkg.com/esbuild-linux-mips64le/-/esbuild-linux-mips64le-0.14.27.tgz#a2b646d9df368b01aa970a7b8968be6dd6b01d19"

esbuild-linux-ppc64le@0.14.27:
  version "0.14.27"
  resolved "https://registry.yarnpkg.com/esbuild-linux-ppc64le/-/esbuild-linux-ppc64le-0.14.27.tgz#9a21af766a0292578a3009c7408b8509cac7cefd"

esbuild-linux-riscv64@0.14.27:
  version "0.14.27"
  resolved "https://registry.yarnpkg.com/esbuild-linux-riscv64/-/esbuild-linux-riscv64-0.14.27.tgz#344a27f91568056a5903ad5841b447e00e78d740"

esbuild-linux-s390x@0.14.27:
  version "0.14.27"
  resolved "https://registry.yarnpkg.com/esbuild-linux-s390x/-/esbuild-linux-s390x-0.14.27.tgz#73a7309bd648a07ef58f069658f989a5096130db"

esbuild-netbsd-64@0.14.27:
  version "0.14.27"
  resolved "https://registry.yarnpkg.com/esbuild-netbsd-64/-/esbuild-netbsd-64-0.14.27.tgz#482a587cdbd18a6c264a05136596927deb46c30a"

esbuild-openbsd-64@0.14.27:
  version "0.14.27"
  resolved "https://registry.yarnpkg.com/esbuild-openbsd-64/-/esbuild-openbsd-64-0.14.27.tgz#e99f8cdc63f1628747b63edd124d53cf7796468d"

esbuild-sunos-64@0.14.27:
  version "0.14.27"
  resolved "https://registry.yarnpkg.com/esbuild-sunos-64/-/esbuild-sunos-64-0.14.27.tgz#8611d825bcb8239c78d57452e83253a71942f45c"

esbuild-windows-32@0.14.27:
  version "0.14.27"
  resolved "https://registry.yarnpkg.com/esbuild-windows-32/-/esbuild-windows-32-0.14.27.tgz#c06374206d4d92dd31d4fda299b09f51a35e82f6"

esbuild-windows-64@0.14.27:
  version "0.14.27"
  resolved "https://registry.npmmirror.com/esbuild-windows-64/-/esbuild-windows-64-0.14.27.tgz"

esbuild-windows-arm64@0.14.27:
  version "0.14.27"
  resolved "https://registry.yarnpkg.com/esbuild-windows-arm64/-/esbuild-windows-arm64-0.14.27.tgz#ad7e187193dcd18768b16065a950f4441d7173f4"

esbuild@^0.14.14:
  version "0.14.27"
  resolved "https://registry.npmmirror.com/esbuild/-/esbuild-0.14.27.tgz"
  optionalDependencies:
    esbuild-android-64 "0.14.27"
    esbuild-android-arm64 "0.14.27"
    esbuild-darwin-64 "0.14.27"
    esbuild-darwin-arm64 "0.14.27"
    esbuild-freebsd-64 "0.14.27"
    esbuild-freebsd-arm64 "0.14.27"
    esbuild-linux-32 "0.14.27"
    esbuild-linux-64 "0.14.27"
    esbuild-linux-arm "0.14.27"
    esbuild-linux-arm64 "0.14.27"
    esbuild-linux-mips64le "0.14.27"
    esbuild-linux-ppc64le "0.14.27"
    esbuild-linux-riscv64 "0.14.27"
    esbuild-linux-s390x "0.14.27"
    esbuild-netbsd-64 "0.14.27"
    esbuild-openbsd-64 "0.14.27"
    esbuild-sunos-64 "0.14.27"
    esbuild-windows-32 "0.14.27"
    esbuild-windows-64 "0.14.27"
    esbuild-windows-arm64 "0.14.27"

estree-walker@^2.0.2:
  version "2.0.2"
  resolved "https://registry.npmmirror.com/estree-walker/-/estree-walker-2.0.2.tgz"

evtd@^0.2.2, evtd@^0.2.3:
  version "0.2.3"
  resolved "https://registry.npmmirror.com/evtd/-/evtd-0.2.3.tgz"

fill-range@^7.0.1:
  version "7.0.1"
  resolved "https://registry.npmjs.org/fill-range/-/fill-range-7.0.1.tgz"
  dependencies:
    to-regex-range "^5.0.1"

follow-redirects@^1.14.8:
  version "1.14.9"
  resolved "https://registry.npmmirror.com/follow-redirects/-/follow-redirects-1.14.9.tgz"

fsevents@~2.3.2:
  version "2.3.2"
  resolved "https://registry.yarnpkg.com/fsevents/-/fsevents-2.3.2.tgz#8a526f78b8fdf4623b709e0b975c52c24c02fd1a"

function-bind@^1.1.1:
  version "1.1.1"
  resolved "https://registry.npmmirror.com/function-bind/-/function-bind-1.1.1.tgz"

get-intrinsic@^1.0.2:
  version "1.1.1"
  resolved "https://registry.npmmirror.com/get-intrinsic/-/get-intrinsic-1.1.1.tgz"
  dependencies:
    function-bind "^1.1.1"
    has "^1.0.3"
    has-symbols "^1.0.1"

glob-parent@~5.1.2:
  version "5.1.2"
  resolved "https://registry.npmjs.org/glob-parent/-/glob-parent-5.1.2.tgz"
  dependencies:
    is-glob "^4.0.1"

has-flag@^4.0.0:
  version "4.0.0"
  resolved "https://registry.npmjs.org/has-flag/-/has-flag-4.0.0.tgz"

has-symbols@^1.0.1, has-symbols@^1.0.2:
  version "1.0.3"
  resolved "https://registry.npmmirror.com/has-symbols/-/has-symbols-1.0.3.tgz"

has-tostringtag@^1.0.0:
  version "1.0.0"
  resolved "https://registry.npmmirror.com/has-tostringtag/-/has-tostringtag-1.0.0.tgz"
  dependencies:
    has-symbols "^1.0.2"

has@^1.0.3:
  version "1.0.3"
  resolved "https://registry.npmmirror.com/has/-/has-1.0.3.tgz"
  dependencies:
    function-bind "^1.1.1"

highlight.js@^11.0.1:
  version "11.4.0"
  resolved "https://registry.npmjs.org/highlight.js/-/highlight.js-11.4.0.tgz"

htmlparser2@^7.2.0:
  version "7.2.0"
  resolved "https://registry.npmmirror.com/htmlparser2/-/htmlparser2-7.2.0.tgz"
  dependencies:
    domelementtype "^2.0.1"
    domhandler "^4.2.2"
    domutils "^2.8.0"
    entities "^3.0.1"

immutable@^4.0.0:
  version "4.0.0"
  resolved "https://registry.npmjs.org/immutable/-/immutable-4.0.0.tgz"

is-binary-path@~2.1.0:
  version "2.1.0"
  resolved "https://registry.npmjs.org/is-binary-path/-/is-binary-path-2.1.0.tgz"
  dependencies:
    binary-extensions "^2.0.0"

is-core-module@^2.8.1:
  version "2.8.1"
  resolved "https://registry.npmmirror.com/is-core-module/-/is-core-module-2.8.1.tgz"
  dependencies:
    has "^1.0.3"

is-expression@^4.0.0:
  version "4.0.0"
  resolved "https://registry.npmmirror.com/is-expression/-/is-expression-4.0.0.tgz"
  dependencies:
    acorn "^7.1.1"
    object-assign "^4.1.1"

is-extglob@^2.1.1:
  version "2.1.1"
  resolved "https://registry.npmjs.org/is-extglob/-/is-extglob-2.1.1.tgz"

is-glob@^4.0.1, is-glob@~4.0.1:
  version "4.0.3"
  resolved "https://registry.npmjs.org/is-glob/-/is-glob-4.0.3.tgz"
  dependencies:
    is-extglob "^2.1.1"

is-number@^7.0.0:
  version "7.0.0"
  resolved "https://registry.npmjs.org/is-number/-/is-number-7.0.0.tgz"

is-promise@^2.0.0:
  version "2.2.2"
  resolved "https://registry.npmmirror.com/is-promise/-/is-promise-2.2.2.tgz"

is-regex@^1.0.3:
  version "1.1.4"
  resolved "https://registry.npmmirror.com/is-regex/-/is-regex-1.1.4.tgz"
  dependencies:
    call-bind "^1.0.2"
    has-tostringtag "^1.0.0"

jest-diff@^27.5.1:
  version "27.5.1"
  resolved "https://registry.npmmirror.com/jest-diff/-/jest-diff-27.5.1.tgz"
  dependencies:
    chalk "^4.0.0"
    diff-sequences "^27.5.1"
    jest-get-type "^27.5.1"
    pretty-format "^27.5.1"

jest-get-type@^27.5.1:
  version "27.5.1"
  resolved "https://registry.npmmirror.com/jest-get-type/-/jest-get-type-27.5.1.tgz"

jest-matcher-utils@^27.0.0:
  version "27.5.1"
  resolved "https://registry.npmmirror.com/jest-matcher-utils/-/jest-matcher-utils-27.5.1.tgz"
  dependencies:
    chalk "^4.0.0"
    jest-diff "^27.5.1"
    jest-get-type "^27.5.1"
    pretty-format "^27.5.1"

js-stringify@^1.0.2:
  version "1.0.2"
  resolved "https://registry.npmmirror.com/js-stringify/-/js-stringify-1.0.2.tgz"

jsonc-parser@^2.3.0:
  version "2.3.1"
  resolved "https://registry.npmmirror.com/jsonc-parser/-/jsonc-parser-2.3.1.tgz"

jsonc-parser@^3.0.0:
  version "3.0.0"
  resolved "https://registry.npmmirror.com/jsonc-parser/-/jsonc-parser-3.0.0.tgz"

jstransformer@1.0.0:
  version "1.0.0"
  resolved "https://registry.npmmirror.com/jstransformer/-/jstransformer-1.0.0.tgz"
  dependencies:
    is-promise "^2.0.0"
    promise "^7.0.1"

klona@^2.0.4:
  version "2.0.5"
  resolved "https://registry.npmjs.org/klona/-/klona-2.0.5.tgz"

lodash-es@^4.17.21:
  version "4.17.21"
  resolved "https://registry.npmjs.org/lodash-es/-/lodash-es-4.17.21.tgz"

lodash@^4.17.21:
  version "4.17.21"
  resolved "https://registry.npmjs.org/lodash/-/lodash-4.17.21.tgz"

lru-cache@^6.0.0:
  version "6.0.0"
  resolved "https://registry.npmmirror.com/lru-cache/-/lru-cache-6.0.0.tgz"
  dependencies:
    yallist "^4.0.0"

magic-string@^0.25.7:
  version "0.25.9"
  resolved "https://registry.npmmirror.com/magic-string/-/magic-string-0.25.9.tgz"
  dependencies:
    sourcemap-codec "^1.4.8"

moment-timezone@^0.5.34:
  version "0.5.34"
  resolved "https://registry.npmmirror.com/moment-timezone/-/moment-timezone-0.5.34.tgz"
  dependencies:
    moment ">= 2.9.0"

"moment@>= 2.9.0":
  version "2.29.4"
  resolved "https://registry.yarnpkg.com/moment/-/moment-2.29.4.tgz#3dbe052889fe7c1b2ed966fcb3a77328964ef108"

naive-ui@^2.26.4:
  version "2.26.4"
  resolved "https://registry.npmmirror.com/naive-ui/-/naive-ui-2.26.4.tgz"
  dependencies:
    "@css-render/plugin-bem" "^0.15.8"
    "@css-render/vue3-ssr" "^0.15.8"
    "@types/lodash" "^4.14.170"
    "@types/lodash-es" "^4.17.4"
    async-validator "^4.0.1"
    css-render "^0.15.8"
    date-fns "^2.28.0"
    date-fns-tz "^1.3.0"
    evtd "^0.2.3"
    highlight.js "^11.0.1"
    lodash "^4.17.21"
    lodash-es "^4.17.21"
    seemly "^0.3.3"
    treemate "^0.3.9"
    vdirs "^0.1.7"
    vfonts "^0.0.3"
    vooks "^0.2.12"
    vueuc "^0.4.27"

nanoid@^3.3.1:
  version "3.3.1"
  resolved "https://registry.npmmirror.com/nanoid/-/nanoid-3.3.1.tgz"

neo-async@^2.6.2:
  version "2.6.2"
  resolved "https://registry.npmjs.org/neo-async/-/neo-async-2.6.2.tgz"

normalize-path@^3.0.0, normalize-path@~3.0.0:
  version "3.0.0"
  resolved "https://registry.npmjs.org/normalize-path/-/normalize-path-3.0.0.tgz"

object-assign@^4.1.1:
  version "4.1.1"
  resolved "https://registry.npmmirror.com/object-assign/-/object-assign-4.1.1.tgz"

path-parse@^1.0.7:
  version "1.0.7"
  resolved "https://registry.npmmirror.com/path-parse/-/path-parse-1.0.7.tgz"

picocolors@^1.0.0:
  version "1.0.0"
  resolved "https://registry.npmjs.org/picocolors/-/picocolors-1.0.0.tgz"

picomatch@^2.0.4, picomatch@^2.2.1:
  version "2.3.1"
  resolved "https://registry.npmjs.org/picomatch/-/picomatch-2.3.1.tgz"

postcss@^8.1.10, postcss@^8.4.6:
  version "8.4.8"
  resolved "https://registry.npmmirror.com/postcss/-/postcss-8.4.8.tgz"
  dependencies:
    nanoid "^3.3.1"
    picocolors "^1.0.0"
    source-map-js "^1.0.2"

pretty-format@^27.0.0, pretty-format@^27.5.1:
  version "27.5.1"
  resolved "https://registry.npmmirror.com/pretty-format/-/pretty-format-27.5.1.tgz"
  dependencies:
    ansi-regex "^5.0.1"
    ansi-styles "^5.0.0"
    react-is "^17.0.1"

promise@^7.0.1:
  version "7.3.1"
  resolved "https://registry.npmmirror.com/promise/-/promise-7.3.1.tgz"
  dependencies:
    asap "~2.0.3"

pug-attrs@^3.0.0:
  version "3.0.0"
  resolved "https://registry.npmmirror.com/pug-attrs/-/pug-attrs-3.0.0.tgz"
  dependencies:
    constantinople "^4.0.1"
    js-stringify "^1.0.2"
    pug-runtime "^3.0.0"

pug-code-gen@^3.0.2:
  version "3.0.2"
  resolved "https://registry.npmmirror.com/pug-code-gen/-/pug-code-gen-3.0.2.tgz"
  dependencies:
    constantinople "^4.0.1"
    doctypes "^1.1.0"
    js-stringify "^1.0.2"
    pug-attrs "^3.0.0"
    pug-error "^2.0.0"
    pug-runtime "^3.0.0"
    void-elements "^3.1.0"
    with "^7.0.0"

pug-error@^2.0.0:
  version "2.0.0"
  resolved "https://registry.npmmirror.com/pug-error/-/pug-error-2.0.0.tgz"

pug-filters@^4.0.0:
  version "4.0.0"
  resolved "https://registry.npmmirror.com/pug-filters/-/pug-filters-4.0.0.tgz"
  dependencies:
    constantinople "^4.0.1"
    jstransformer "1.0.0"
    pug-error "^2.0.0"
    pug-walk "^2.0.0"
    resolve "^1.15.1"

pug-lexer@^5.0.1:
  version "5.0.1"
  resolved "https://registry.npmmirror.com/pug-lexer/-/pug-lexer-5.0.1.tgz"
  dependencies:
    character-parser "^2.2.0"
    is-expression "^4.0.0"
    pug-error "^2.0.0"

pug-linker@^4.0.0:
  version "4.0.0"
  resolved "https://registry.npmmirror.com/pug-linker/-/pug-linker-4.0.0.tgz"
  dependencies:
    pug-error "^2.0.0"
    pug-walk "^2.0.0"

pug-load@^3.0.0:
  version "3.0.0"
  resolved "https://registry.npmmirror.com/pug-load/-/pug-load-3.0.0.tgz"
  dependencies:
    object-assign "^4.1.1"
    pug-walk "^2.0.0"

pug-parser@^6.0.0:
  version "6.0.0"
  resolved "https://registry.npmmirror.com/pug-parser/-/pug-parser-6.0.0.tgz"
  dependencies:
    pug-error "^2.0.0"
    token-stream "1.0.0"

pug-runtime@^3.0.0, pug-runtime@^3.0.1:
  version "3.0.1"
  resolved "https://registry.npmmirror.com/pug-runtime/-/pug-runtime-3.0.1.tgz"

pug-strip-comments@^2.0.0:
  version "2.0.0"
  resolved "https://registry.npmmirror.com/pug-strip-comments/-/pug-strip-comments-2.0.0.tgz"
  dependencies:
    pug-error "^2.0.0"

pug-walk@^2.0.0:
  version "2.0.0"
  resolved "https://registry.npmmirror.com/pug-walk/-/pug-walk-2.0.0.tgz"

pug@^3.0.2:
  version "3.0.2"
  resolved "https://registry.npmmirror.com/pug/-/pug-3.0.2.tgz"
  dependencies:
    pug-code-gen "^3.0.2"
    pug-filters "^4.0.0"
    pug-lexer "^5.0.1"
    pug-linker "^4.0.0"
    pug-load "^3.0.0"
    pug-parser "^6.0.0"
    pug-runtime "^3.0.1"
    pug-strip-comments "^2.0.0"

react-is@^17.0.1:
  version "17.0.2"
  resolved "https://registry.npmmirror.com/react-is/-/react-is-17.0.2.tgz"

readdirp@~3.6.0:
  version "3.6.0"
  resolved "https://registry.npmjs.org/readdirp/-/readdirp-3.6.0.tgz"
  dependencies:
    picomatch "^2.2.1"

resize-observer-polyfill@^1.5.1:
  version "1.5.1"
  resolved "https://registry.npmmirror.com/resize-observer-polyfill/-/resize-observer-polyfill-1.5.1.tgz"

resolve@^1.15.1, resolve@^1.22.0:
  version "1.22.0"
  resolved "https://registry.npmmirror.com/resolve/-/resolve-1.22.0.tgz"
  dependencies:
    is-core-module "^2.8.1"
    path-parse "^1.0.7"
    supports-preserve-symlinks-flag "^1.0.0"

rollup@^2.59.0:
  version "2.64.0"
  resolved "https://registry.npmjs.org/rollup/-/rollup-2.64.0.tgz"
  optionalDependencies:
    fsevents "~2.3.2"

sass-loader@^12.6.0:
  version "12.6.0"
  resolved "https://registry.npmmirror.com/sass-loader/-/sass-loader-12.6.0.tgz"
  dependencies:
    klona "^2.0.4"
    neo-async "^2.6.2"

sass@^1.49.9:
  version "1.49.9"
  resolved "https://registry.npmmirror.com/sass/-/sass-1.49.9.tgz"
  dependencies:
    chokidar ">=3.0.0 <4.0.0"
    immutable "^4.0.0"
    source-map-js ">=0.6.2 <2.0.0"

seemly@^0.3.1, seemly@^0.3.3:
  version "0.3.3"
  resolved "https://registry.npmmirror.com/seemly/-/seemly-0.3.3.tgz"
  dependencies:
    "@types/jest" "^27.0.1"

semver@^7.3.5:
  version "7.3.5"
  resolved "https://registry.npmmirror.com/semver/-/semver-7.3.5.tgz"
  dependencies:
    lru-cache "^6.0.0"

shvl@^2.0.3:
  version "2.0.3"
  resolved "https://registry.npmjs.org/shvl/-/shvl-2.0.3.tgz"

"source-map-js@>=0.6.2 <2.0.0", source-map-js@^1.0.2:
  version "1.0.2"
  resolved "https://registry.npmmirror.com/source-map-js/-/source-map-js-1.0.2.tgz"

source-map@^0.6.1:
  version "0.6.1"
  resolved "https://registry.npmjs.org/source-map/-/source-map-0.6.1.tgz"

sourcemap-codec@^1.4.8:
  version "1.4.8"
  resolved "https://registry.npmmirror.com/sourcemap-codec/-/sourcemap-codec-1.4.8.tgz"

supports-color@^7.1.0:
  version "7.2.0"
  resolved "https://registry.npmmirror.com/supports-color/-/supports-color-7.2.0.tgz"
  dependencies:
    has-flag "^4.0.0"

supports-preserve-symlinks-flag@^1.0.0:
  version "1.0.0"
  resolved "https://registry.npmmirror.com/supports-preserve-symlinks-flag/-/supports-preserve-symlinks-flag-1.0.0.tgz"

to-fast-properties@^2.0.0:
  version "2.0.0"
  resolved "https://registry.npmmirror.com/to-fast-properties/-/to-fast-properties-2.0.0.tgz"

to-regex-range@^5.0.1:
  version "5.0.1"
  resolved "https://registry.npmjs.org/to-regex-range/-/to-regex-range-5.0.1.tgz"
  dependencies:
    is-number "^7.0.0"

token-stream@1.0.0:
  version "1.0.0"
  resolved "https://registry.npmmirror.com/token-stream/-/token-stream-1.0.0.tgz"

treemate@^0.3.9:
  version "0.3.10"
  resolved "https://registry.npmjs.org/treemate/-/treemate-0.3.10.tgz"

typescript@^4.4.4:
  version "4.5.4"
  resolved "https://registry.npmjs.org/typescript/-/typescript-4.5.4.tgz"

upath@^2.0.1:
  version "2.0.1"
  resolved "https://registry.npmmirror.com/upath/-/upath-2.0.1.tgz"

uuid@^8.3.2:
  version "8.3.2"
  resolved "https://registry.npmmirror.com/uuid/-/uuid-8.3.2.tgz"

vdirs@^0.1.4, vdirs@^0.1.7:
  version "0.1.7"
  resolved "https://registry.npmmirror.com/vdirs/-/vdirs-0.1.7.tgz"
  dependencies:
    evtd "^0.2.2"

vditor@^3.8.12:
  version "3.8.12"
  resolved "https://registry.npmmirror.com/vditor/-/vditor-3.8.12.tgz"
  dependencies:
    diff-match-patch "^1.0.5"

vfonts@^0.0.3:
  version "0.0.3"
  resolved "https://registry.npmjs.org/vfonts/-/vfonts-0.0.3.tgz"

vite@^2.8.6:
  version "2.8.6"
  resolved "https://registry.npmmirror.com/vite/-/vite-2.8.6.tgz"
  dependencies:
    esbuild "^0.14.14"
    postcss "^8.4.6"
    resolve "^1.22.0"
    rollup "^2.59.0"
  optionalDependencies:
    fsevents "~2.3.2"

void-elements@^3.1.0:
  version "3.1.0"
  resolved "https://registry.npmmirror.com/void-elements/-/void-elements-3.1.0.tgz"

vooks@^0.2.12, vooks@^0.2.4:
  version "0.2.12"
  resolved "https://registry.npmmirror.com/vooks/-/vooks-0.2.12.tgz"
  dependencies:
    evtd "^0.2.2"

vscode-css-languageservice@^5.1.9:
  version "5.1.13"
  resolved "https://registry.npmmirror.com/vscode-css-languageservice/-/vscode-css-languageservice-5.1.13.tgz"
  dependencies:
    vscode-languageserver-textdocument "^1.0.1"
    vscode-languageserver-types "^3.16.0"
    vscode-nls "^5.0.0"
    vscode-uri "^3.0.2"

vscode-html-languageservice@^4.2.1:
  version "4.2.2"
  resolved "https://registry.npmmirror.com/vscode-html-languageservice/-/vscode-html-languageservice-4.2.2.tgz"
  dependencies:
    vscode-languageserver-textdocument "^1.0.3"
    vscode-languageserver-types "^3.16.0"
    vscode-nls "^5.0.0"
    vscode-uri "^3.0.3"

vscode-json-languageservice@^4.1.10:
  version "4.2.0"
  resolved "https://registry.npmmirror.com/vscode-json-languageservice/-/vscode-json-languageservice-4.2.0.tgz"
  dependencies:
    jsonc-parser "^3.0.0"
    vscode-languageserver-textdocument "^1.0.3"
    vscode-languageserver-types "^3.16.0"
    vscode-nls "^5.0.0"
    vscode-uri "^3.0.3"

vscode-jsonrpc@8.0.0-next.7, vscode-jsonrpc@^8.0.0-next.5:
  version "8.0.0-next.7"
  resolved "https://registry.npmmirror.com/vscode-jsonrpc/-/vscode-jsonrpc-8.0.0-next.7.tgz"

vscode-languageserver-protocol@^3.17.0-next.12:
  version "3.17.0-next.15"
  resolved "https://registry.npmmirror.com/vscode-languageserver-protocol/-/vscode-languageserver-protocol-3.17.0-next.15.tgz"
  dependencies:
    vscode-jsonrpc "8.0.0-next.7"
    vscode-languageserver-types "3.17.0-next.8"

vscode-languageserver-textdocument@^1.0.1, vscode-languageserver-textdocument@^1.0.3:
  version "1.0.4"
  resolved "https://registry.npmmirror.com/vscode-languageserver-textdocument/-/vscode-languageserver-textdocument-1.0.4.tgz"

vscode-languageserver-types@3.17.0-next.8, vscode-languageserver-types@^3.17.0-next.6:
  version "3.17.0-next.8"
  resolved "https://registry.npmmirror.com/vscode-languageserver-types/-/vscode-languageserver-types-3.17.0-next.8.tgz"

vscode-languageserver-types@^3.15.1, vscode-languageserver-types@^3.16.0:
  version "3.16.0"
  resolved "https://registry.npmmirror.com/vscode-languageserver-types/-/vscode-languageserver-types-3.16.0.tgz"

vscode-nls@^5.0.0:
  version "5.0.0"
  resolved "https://registry.npmmirror.com/vscode-nls/-/vscode-nls-5.0.0.tgz"

vscode-pug-languageservice@0.31.4:
  version "0.31.4"
  resolved "https://registry.npmmirror.com/vscode-pug-languageservice/-/vscode-pug-languageservice-0.31.4.tgz"
  dependencies:
    "@volar/code-gen" "0.31.4"
    "@volar/shared" "0.31.4"
    "@volar/source-map" "0.31.4"
    "@volar/transforms" "0.31.4"
    pug-lexer "^5.0.1"
    pug-parser "^6.0.0"
    vscode-languageserver-textdocument "^1.0.3"
    vscode-languageserver-types "^3.17.0-next.6"

vscode-typescript-languageservice@0.31.4:
  version "0.31.4"
  resolved "https://registry.npmmirror.com/vscode-typescript-languageservice/-/vscode-typescript-languageservice-0.31.4.tgz"
  dependencies:
    "@volar/shared" "0.31.4"
    semver "^7.3.5"
    upath "^2.0.1"
    vscode-languageserver-protocol "^3.17.0-next.12"
    vscode-languageserver-textdocument "^1.0.3"
    vscode-nls "^5.0.0"

vscode-uri@^2.1.2:
  version "2.1.2"
  resolved "https://registry.npmmirror.com/vscode-uri/-/vscode-uri-2.1.2.tgz"

vscode-uri@^3.0.2, vscode-uri@^3.0.3:
  version "3.0.3"
  resolved "https://registry.npmmirror.com/vscode-uri/-/vscode-uri-3.0.3.tgz"

vscode-vue-languageservice@0.31.4:
  version "0.31.4"
  resolved "https://registry.npmmirror.com/vscode-vue-languageservice/-/vscode-vue-languageservice-0.31.4.tgz"
  dependencies:
    "@volar/code-gen" "0.31.4"
    "@volar/html2pug" "0.31.4"
    "@volar/shared" "0.31.4"
    "@volar/source-map" "0.31.4"
    "@volar/transforms" "0.31.4"
    "@volar/vue-code-gen" "0.31.4"
    "@vscode/emmet-helper" "^2.8.3"
    "@vue/reactivity" "^3.2.27"
    "@vue/shared" "^3.2.27"
    upath "^2.0.1"
    vscode-css-languageservice "^5.1.9"
    vscode-html-languageservice "^4.2.1"
    vscode-json-languageservice "^4.1.10"
    vscode-languageserver-protocol "^3.17.0-next.12"
    vscode-languageserver-textdocument "^1.0.3"
    vscode-pug-languageservice "0.31.4"
    vscode-typescript-languageservice "0.31.4"

vue-router@^4.0.13:
  version "4.0.14"
  resolved "https://registry.npmmirror.com/vue-router/-/vue-router-4.0.14.tgz"
  dependencies:
    "@vue/devtools-api" "^6.0.0"

vue-tsc@^0.31.4:
  version "0.31.4"
  resolved "https://registry.npmmirror.com/vue-tsc/-/vue-tsc-0.31.4.tgz"
  dependencies:
    "@volar/shared" "0.31.4"
    vscode-vue-languageservice "0.31.4"

vue@^3.2.31:
  version "3.2.31"
  resolved "https://registry.npmmirror.com/vue/-/vue-3.2.31.tgz"
  dependencies:
    "@vue/compiler-dom" "3.2.31"
    "@vue/compiler-sfc" "3.2.31"
    "@vue/runtime-dom" "3.2.31"
    "@vue/server-renderer" "3.2.31"
    "@vue/shared" "3.2.31"

vueuc@^0.4.27:
  version "0.4.27"
  resolved "https://registry.npmmirror.com/vueuc/-/vueuc-0.4.27.tgz"
  dependencies:
    "@css-render/vue3-ssr" "^0.15.7"
    css-render "^0.15.7"
    evtd "^0.2.2"
    resize-observer-polyfill "^1.5.1"
    seemly "^0.3.1"
    vdirs "^0.1.4"
    vooks "^0.2.4"

vuex-persistedstate@^4.1.0:
  version "4.1.0"
  resolved "https://registry.npmjs.org/vuex-persistedstate/-/vuex-persistedstate-4.1.0.tgz"
  dependencies:
    deepmerge "^4.2.2"
    shvl "^2.0.3"

vuex@^4.0.2:
  version "4.0.2"
  resolved "https://registry.npmjs.org/vuex/-/vuex-4.0.2.tgz"
  dependencies:
    "@vue/devtools-api" "^6.0.0-beta.11"

with@^7.0.0:
  version "7.0.2"
  resolved "https://registry.npmmirror.com/with/-/with-7.0.2.tgz"
  dependencies:
    "@babel/parser" "^7.9.6"
    "@babel/types" "^7.9.6"
    assert-never "^1.2.1"
    babel-walk "3.0.0-canary-5"

yallist@^4.0.0:
  version "4.0.0"
  resolved "https://registry.npmmirror.com/yallist/-/yallist-4.0.0.tgz"
