# THIS IS AN AUTOGENERATED FILE. DO NOT EDIT THIS FILE DIRECTLY.
# yarn lockfile v1


"@antfu/utils@^0.3.0":
  version "0.3.0"
  resolved "https://registry.npmmirror.com/@antfu/utils/download/@antfu/utils-0.3.0.tgz"
  integrity sha1-YwbEO1Kog72Olz4+2N1kJIQYvMQ=
  dependencies:
    "@types/throttle-debounce" "^2.1.0"

"@babel/parser@^7.16.4":
  version "7.16.7"
  resolved "https://registry.npmmirror.com/@babel/parser/download/@babel/parser-7.16.7.tgz"
  integrity sha512-sR4eaSrnM7BV7QPzGfEX5paG/6wrZM3I0HDzfIAK06ESvo9oy3xBuVBxE3MbQaKNhvg8g/ixjMWo2CGpzpHsDA==

"@ctrl/tinycolor@^3.4.0":
  version "3.4.0"
  resolved "https://registry.nlark.com/@ctrl/tinycolor/download/@ctrl/tinycolor-3.4.0.tgz"
  integrity sha1-w8WuVDyJfKqcKmhjC+01W+X5mQ8=

"@element-plus/icons-vue@^0.2.4":
  version "0.2.4"
  resolved "https://registry.npmmirror.com/@element-plus/icons-vue/download/@element-plus/icons-vue-0.2.4.tgz"
  integrity sha512-RsJNyL58rwxtsjeMy34o8txkL6UlME1stWsUlRpTac6UE9Bx9gdJvnDXbIKhOJqBLX17fBjmposdrn6VTqim2w==

"@nodelib/fs.scandir@2.1.5":
  version "2.1.5"
  resolved "https://registry.nlark.com/@nodelib/fs.scandir/download/@nodelib/fs.scandir-2.1.5.tgz?cache=0&sync_timestamp=1622792738877&other_urls=https%3A%2F%2Fregistry.nlark.com%2F%40nodelib%2Ffs.scandir%2Fdownload%2F%40nodelib%2Ffs.scandir-2.1.5.tgz"
  integrity sha1-dhnC6yGyVIP20WdUi0z9WnSIw9U=
  dependencies:
    "@nodelib/fs.stat" "2.0.5"
    run-parallel "^1.1.9"

"@nodelib/fs.stat@2.0.5", "@nodelib/fs.stat@^2.0.2":
  version "2.0.5"
  resolved "https://registry.npmmirror.com/@nodelib/fs.stat/download/@nodelib/fs.stat-2.0.5.tgz"
  integrity sha1-W9Jir5Tp0lvR5xsF3u1Eh2oiLos=

"@nodelib/fs.walk@^1.2.3":
  version "1.2.8"
  resolved "https://registry.nlark.com/@nodelib/fs.walk/download/@nodelib/fs.walk-1.2.8.tgz"
  integrity sha1-6Vc36LtnRt3t9pxVaVNJTxlv5po=
  dependencies:
    "@nodelib/fs.scandir" "2.1.5"
    fastq "^1.6.0"

"@popperjs/core@^2.10.2":
  version "2.11.2"
  resolved "https://registry.npmmirror.com/@popperjs/core/download/@popperjs/core-2.11.2.tgz"
  integrity sha512-92FRmppjjqz29VMJ2dn+xdyXZBrMlE42AV6Kq6BwjWV7CNUW1hs2FtxSNLQE+gJhaZ6AAmYuO9y8dshhcBl7vA==

"@rollup/pluginutils@^4.1.1", "@rollup/pluginutils@^4.1.2":
  version "4.1.2"
  resolved "https://registry.npmmirror.com/@rollup/pluginutils/download/@rollup/pluginutils-4.1.2.tgz"
  integrity sha512-ROn4qvkxP9SyPeHaf7uQC/GPFY6L/OWy9+bd9AwcjOAWQwxRscoEyAUD8qCY5o5iL4jqQwoLk2kaTKJPb/HwzQ==
  dependencies:
    estree-walker "^2.0.1"
    picomatch "^2.2.2"

"@types/throttle-debounce@^2.1.0":
  version "2.1.0"
  resolved "https://registry.npmmirror.com/@types/throttle-debounce/download/@types/throttle-debounce-2.1.0.tgz"
  integrity sha1-HD32JL/Eti+ZLTASuExW1B6rN3Y=

"@vitejs/plugin-vue@^2.0.0":
  version "2.0.1"
  resolved "https://registry.npmmirror.com/@vitejs/plugin-vue/download/@vitejs/plugin-vue-2.0.1.tgz"
  integrity sha512-wtdMnGVvys9K8tg+DxowU1ytTrdVveXr3LzdhaKakysgGXyrsfaeds2cDywtvujEASjWOwWL/OgWM+qoeM8Plg==

"@vue/compiler-core@3.2.26":
  version "3.2.26"
  resolved "https://registry.npmmirror.com/@vue/compiler-core/download/@vue/compiler-core-3.2.26.tgz"
  integrity sha512-N5XNBobZbaASdzY9Lga2D9Lul5vdCIOXvUMd6ThcN8zgqQhPKfCV+wfAJNNJKQkSHudnYRO2gEB+lp0iN3g2Tw==
  dependencies:
    "@babel/parser" "^7.16.4"
    "@vue/shared" "3.2.26"
    estree-walker "^2.0.2"
    source-map "^0.6.1"

"@vue/compiler-dom@3.2.26":
  version "3.2.26"
  resolved "https://registry.npmmirror.com/@vue/compiler-dom/download/@vue/compiler-dom-3.2.26.tgz"
  integrity sha512-smBfaOW6mQDxcT3p9TKT6mE22vjxjJL50GFVJiI0chXYGU/xzC05QRGrW3HHVuJrmLTLx5zBhsZ2dIATERbarg==
  dependencies:
    "@vue/compiler-core" "3.2.26"
    "@vue/shared" "3.2.26"

"@vue/compiler-sfc@3.2.26":
  version "3.2.26"
  resolved "https://registry.npmmirror.com/@vue/compiler-sfc/download/@vue/compiler-sfc-3.2.26.tgz"
  integrity sha512-ePpnfktV90UcLdsDQUh2JdiTuhV0Skv2iYXxfNMOK/F3Q+2BO0AulcVcfoksOpTJGmhhfosWfMyEaEf0UaWpIw==
  dependencies:
    "@babel/parser" "^7.16.4"
    "@vue/compiler-core" "3.2.26"
    "@vue/compiler-dom" "3.2.26"
    "@vue/compiler-ssr" "3.2.26"
    "@vue/reactivity-transform" "3.2.26"
    "@vue/shared" "3.2.26"
    estree-walker "^2.0.2"
    magic-string "^0.25.7"
    postcss "^8.1.10"
    source-map "^0.6.1"

"@vue/compiler-ssr@3.2.26":
  version "3.2.26"
  resolved "https://registry.npmmirror.com/@vue/compiler-ssr/download/@vue/compiler-ssr-3.2.26.tgz"
  integrity sha512-2mywLX0ODc4Zn8qBoA2PDCsLEZfpUGZcyoFRLSOjyGGK6wDy2/5kyDOWtf0S0UvtoyVq95OTSGIALjZ4k2q/ag==
  dependencies:
    "@vue/compiler-dom" "3.2.26"
    "@vue/shared" "3.2.26"

"@vue/devtools-api@^6.0.0-beta.11", "@vue/devtools-api@^6.0.0-beta.18":
  version "6.0.0-beta.21.1"
  resolved "https://registry.npmmirror.com/@vue/devtools-api/download/@vue/devtools-api-6.0.0-beta.21.1.tgz"
  integrity sha512-FqC4s3pm35qGVeXRGOjTsRzlkJjrBLriDS9YXbflHLsfA9FrcKzIyWnLXoNm+/7930E8rRakXuAc2QkC50swAw==

"@vue/reactivity-transform@3.2.26":
  version "3.2.26"
  resolved "https://registry.npmmirror.com/@vue/reactivity-transform/download/@vue/reactivity-transform-3.2.26.tgz"
  integrity sha512-XKMyuCmzNA7nvFlYhdKwD78rcnmPb7q46uoR00zkX6yZrUmcCQ5OikiwUEVbvNhL5hBJuvbSO95jB5zkUon+eQ==
  dependencies:
    "@babel/parser" "^7.16.4"
    "@vue/compiler-core" "3.2.26"
    "@vue/shared" "3.2.26"
    estree-walker "^2.0.2"
    magic-string "^0.25.7"

"@vue/reactivity@3.2.26":
  version "3.2.26"
  resolved "https://registry.npmmirror.com/@vue/reactivity/download/@vue/reactivity-3.2.26.tgz"
  integrity sha512-h38bxCZLW6oFJVDlCcAiUKFnXI8xP8d+eO0pcDxx+7dQfSPje2AO6M9S9QO6MrxQB7fGP0DH0dYQ8ksf6hrXKQ==
  dependencies:
    "@vue/shared" "3.2.26"

"@vue/runtime-core@3.2.26":
  version "3.2.26"
  resolved "https://registry.npmmirror.com/@vue/runtime-core/download/@vue/runtime-core-3.2.26.tgz"
  integrity sha512-BcYi7qZ9Nn+CJDJrHQ6Zsmxei2hDW0L6AB4vPvUQGBm2fZyC0GXd/4nVbyA2ubmuhctD5RbYY8L+5GUJszv9mQ==
  dependencies:
    "@vue/reactivity" "3.2.26"
    "@vue/shared" "3.2.26"

"@vue/runtime-dom@3.2.26":
  version "3.2.26"
  resolved "https://registry.npmmirror.com/@vue/runtime-dom/download/@vue/runtime-dom-3.2.26.tgz"
  integrity sha512-dY56UIiZI+gjc4e8JQBwAifljyexfVCkIAu/WX8snh8vSOt/gMSEGwPRcl2UpYpBYeyExV8WCbgvwWRNt9cHhQ==
  dependencies:
    "@vue/runtime-core" "3.2.26"
    "@vue/shared" "3.2.26"
    csstype "^2.6.8"

"@vue/server-renderer@3.2.26":
  version "3.2.26"
  resolved "https://registry.npmmirror.com/@vue/server-renderer/download/@vue/server-renderer-3.2.26.tgz"
  integrity sha512-Jp5SggDUvvUYSBIvYEhy76t4nr1vapY/FIFloWmQzn7UxqaHrrBpbxrqPcTrSgGrcaglj0VBp22BKJNre4aA1w==
  dependencies:
    "@vue/compiler-ssr" "3.2.26"
    "@vue/shared" "3.2.26"

"@vue/shared@3.2.26":
  version "3.2.26"
  resolved "https://registry.npmmirror.com/@vue/shared/download/@vue/shared-3.2.26.tgz"
  integrity sha512-vPV6Cq+NIWbH5pZu+V+2QHE9y1qfuTq49uNWw4f7FDEeZaDU2H2cx5jcUZOAKW7qTrUS4k6qZPbMy1x4N96nbA==

"@vueuse/core@^7.3.0":
  version "7.5.3"
  resolved "https://registry.npmmirror.com/@vueuse/core/download/@vueuse/core-7.5.3.tgz"
  integrity sha512-D9j5ymHFMFRXQqCp0yZJkf/bvBGiz0MrKUa364p+L8dMyd5zyq2K1JmHyvoBd4xbTFRfmQ1h878u6YE5LCkDVQ==
  dependencies:
    "@vueuse/shared" "7.5.3"
    vue-demi "*"

"@vueuse/shared@7.5.3":
  version "7.5.3"
  resolved "https://registry.npmmirror.com/@vueuse/shared/download/@vueuse/shared-7.5.3.tgz"
  integrity sha512-BJ71cxHN5VByW1S58Gl85NFJaQu93F7Vs7K/MuAKsIIuHm9PBbkR5Vxkg9ko9cBdiKVt+FNoo13BhdbA+Vwycg==
  dependencies:
    vue-demi "*"

anymatch@~3.1.2:
  version "3.1.2"
  resolved "https://registry.nlark.com/anymatch/download/anymatch-3.1.2.tgz"
  integrity sha1-wFV8CWrzLxBhmPT04qODU343hxY=
  dependencies:
    normalize-path "^3.0.0"
    picomatch "^2.0.4"

async-validator@^4.0.7:
  version "4.0.7"
  resolved "https://registry.npmmirror.com/async-validator/download/async-validator-4.0.7.tgz?cache=0&sync_timestamp=1634529574100&other_urls=https%3A%2F%2Fregistry.npmmirror.com%2Fasync-validator%2Fdownload%2Fasync-validator-4.0.7.tgz"
  integrity sha1-A0oP0hA6ay6/AQ2nUYO+wpkkev4=

axios@^0.24.0:
  version "0.24.0"
  resolved "https://registry.npmmirror.com/axios/download/axios-0.24.0.tgz#804e6fa1e4b9c5288501dd9dff56a7a0940d20d6"
  integrity sha512-Q6cWsys88HoPgAaFAVUb0WpPk0O8iTeisR9IMqy9G8AbO4NlpVknrnQS03zzF9PGAWgO3cgletO3VjV/P7VztA==
  dependencies:
    follow-redirects "^1.14.4"

balanced-match@^1.0.0:
  version "1.0.2"
  resolved "https://registry.npm.taobao.org/balanced-match/download/balanced-match-1.0.2.tgz"
  integrity sha1-6D46fj8wCzTLnYf2FfoMvzV2kO4=

binary-extensions@^2.0.0:
  version "2.2.0"
  resolved "https://registry.nlark.com/binary-extensions/download/binary-extensions-2.2.0.tgz"
  integrity sha1-dfUC7q+f/eQvyYgpZFvk6na9ni0=

brace-expansion@^1.1.7:
  version "1.1.11"
  resolved "https://registry.nlark.com/brace-expansion/download/brace-expansion-1.1.11.tgz"
  integrity sha1-PH/L9SnYcibz0vUrlm/1Jx60Qd0=
  dependencies:
    balanced-match "^1.0.0"
    concat-map "0.0.1"

braces@^3.0.1, braces@~3.0.2:
  version "3.0.2"
  resolved "https://registry.nlark.com/braces/download/braces-3.0.2.tgz"
  integrity sha1-NFThpGLujVmeI23zNs2epPiv4Qc=
  dependencies:
    fill-range "^7.0.1"

"chokidar@>=3.0.0 <4.0.0", chokidar@^3.5.2:
  version "3.5.2"
  resolved "https://registry.npmmirror.com/chokidar/download/chokidar-3.5.2.tgz"
  integrity sha512-ekGhOnNVPgT77r4K/U3GDhu+FQ2S8TnK/s2KbIGXi0SZWuwkZ2QNyfWdZW+TVfn84DpEP7rLeCt2UI6bJ8GwbQ==
  dependencies:
    anymatch "~3.1.2"
    braces "~3.0.2"
    glob-parent "~5.1.2"
    is-binary-path "~2.1.0"
    is-glob "~4.0.1"
    normalize-path "~3.0.0"
    readdirp "~3.6.0"
  optionalDependencies:
    fsevents "~2.3.2"

concat-map@0.0.1:
  version "0.0.1"
  resolved "https://registry.nlark.com/concat-map/download/concat-map-0.0.1.tgz"
  integrity sha1-2Klr13/Wjfd5OnMDajug1UBdR3s=

csstype@^2.6.8:
  version "2.6.19"
  resolved "https://registry.npmmirror.com/csstype/download/csstype-2.6.19.tgz"
  integrity sha512-ZVxXaNy28/k3kJg0Fou5MiYpp88j7H9hLZp8PDC3jV0WFjfH5E9xHb56L0W59cPbKbcHXeP4qyT8PrHp8t6LcQ==

dayjs@^1.10.7:
  version "1.10.7"
  resolved "https://registry.npmmirror.com/dayjs/download/dayjs-1.10.7.tgz"
  integrity sha512-P6twpd70BcPK34K26uJ1KT3wlhpuOAPoMwJzpsIWUxHZ7wpmbdZL/hQqBDfz7hGurYSa5PhzdhDHtt319hL3ig==

debug@^4.3.2:
  version "4.3.3"
  resolved "https://registry.npmmirror.com/debug/download/debug-4.3.3.tgz"
  integrity sha512-/zxw5+vh1Tfv+4Qn7a5nsbcJKPaSvCDhojn6FEl9vupwK2VCSDtEiEtqr8DFtzYFOdz63LBkxec7DYuc2jon6Q==
  dependencies:
    ms "2.1.2"

deepmerge@^4.2.2:
  version "4.2.2"
  resolved "https://registry.nlark.com/deepmerge/download/deepmerge-4.2.2.tgz#44d2ea3679b8f4d4ffba33f03d865fc1e7bf4955"
  integrity sha1-RNLqNnm49NT/ujPwPYZfwee/SVU=

element-plus@^1.3.0-beta.2:
  version "1.3.0-beta.2"
  resolved "https://registry.npmmirror.com/element-plus/download/element-plus-1.3.0-beta.2.tgz"
  integrity sha512-8FWS8soDPCUHNIid60gzvLCbb9NC3rXAPgaRik73OQ0wO6M1KcdO/Lc7zQY76JHxWsZWo7ne9Jfz6dXQJooDuQ==
  dependencies:
    "@ctrl/tinycolor" "^3.4.0"
    "@element-plus/icons-vue" "^0.2.4"
    "@popperjs/core" "^2.10.2"
    "@vueuse/core" "^7.3.0"
    async-validator "^4.0.7"
    dayjs "^1.10.7"
    lodash "^4.17.21"
    memoize-one "^6.0.0"
    normalize-wheel-es "^1.1.1"

esbuild-android-arm64@0.13.15:
  version "0.13.15"
  resolved "https://registry.npmmirror.com/esbuild-android-arm64/download/esbuild-android-arm64-0.13.15.tgz#3fc3ff0bab76fe35dd237476b5d2b32bb20a3d44"
  integrity sha512-m602nft/XXeO8YQPUDVoHfjyRVPdPgjyyXOxZ44MK/agewFFkPa8tUo6lAzSWh5Ui5PB4KR9UIFTSBKh/RrCmg==

esbuild-darwin-64@0.13.15:
  version "0.13.15"
  resolved "https://registry.npmmirror.com/esbuild-darwin-64/download/esbuild-darwin-64-0.13.15.tgz#8e9169c16baf444eacec60d09b24d11b255a8e72"
  integrity sha512-ihOQRGs2yyp7t5bArCwnvn2Atr6X4axqPpEdCFPVp7iUj4cVSdisgvEKdNR7yH3JDjW6aQDw40iQFoTqejqxvQ==

esbuild-darwin-arm64@0.13.15:
  version "0.13.15"
  resolved "https://registry.npmmirror.com/esbuild-darwin-arm64/download/esbuild-darwin-arm64-0.13.15.tgz#1b07f893b632114f805e188ddfca41b2b778229a"
  integrity sha512-i1FZssTVxUqNlJ6cBTj5YQj4imWy3m49RZRnHhLpefFIh0To05ow9DTrXROTE1urGTQCloFUXTX8QfGJy1P8dQ==

esbuild-freebsd-64@0.13.15:
  version "0.13.15"
  resolved "https://registry.npmmirror.com/esbuild-freebsd-64/download/esbuild-freebsd-64-0.13.15.tgz#0b8b7eca1690c8ec94c75680c38c07269c1f4a85"
  integrity sha512-G3dLBXUI6lC6Z09/x+WtXBXbOYQZ0E8TDBqvn7aMaOCzryJs8LyVXKY4CPnHFXZAbSwkCbqiPuSQ1+HhrNk7EA==

esbuild-freebsd-arm64@0.13.15:
  version "0.13.15"
  resolved "https://registry.npmmirror.com/esbuild-freebsd-arm64/download/esbuild-freebsd-arm64-0.13.15.tgz#2e1a6c696bfdcd20a99578b76350b41db1934e52"
  integrity sha512-KJx0fzEDf1uhNOZQStV4ujg30WlnwqUASaGSFPhznLM/bbheu9HhqZ6mJJZM32lkyfGJikw0jg7v3S0oAvtvQQ==

esbuild-linux-32@0.13.15:
  version "0.13.15"
  resolved "https://registry.npmmirror.com/esbuild-linux-32/download/esbuild-linux-32-0.13.15.tgz#6fd39f36fc66dd45b6b5f515728c7bbebc342a69"
  integrity sha512-ZvTBPk0YWCLMCXiFmD5EUtB30zIPvC5Itxz0mdTu/xZBbbHJftQgLWY49wEPSn2T/TxahYCRDWun5smRa0Tu+g==

esbuild-linux-64@0.13.15:
  version "0.13.15"
  resolved "https://registry.npmmirror.com/esbuild-linux-64/download/esbuild-linux-64-0.13.15.tgz#9cb8e4bcd7574e67946e4ee5f1f1e12386bb6dd3"
  integrity sha512-eCKzkNSLywNeQTRBxJRQ0jxRCl2YWdMB3+PkWFo2BBQYC5mISLIVIjThNtn6HUNqua1pnvgP5xX0nHbZbPj5oA==

esbuild-linux-arm64@0.13.15:
  version "0.13.15"
  resolved "https://registry.npmmirror.com/esbuild-linux-arm64/download/esbuild-linux-arm64-0.13.15.tgz#3891aa3704ec579a1b92d2a586122e5b6a2bfba1"
  integrity sha512-bYpuUlN6qYU9slzr/ltyLTR9YTBS7qUDymO8SV7kjeNext61OdmqFAzuVZom+OLW1HPHseBfJ/JfdSlx8oTUoA==

esbuild-linux-arm@0.13.15:
  version "0.13.15"
  resolved "https://registry.npmmirror.com/esbuild-linux-arm/download/esbuild-linux-arm-0.13.15.tgz#8a00e99e6a0c6c9a6b7f334841364d8a2b4aecfe"
  integrity sha512-wUHttDi/ol0tD8ZgUMDH8Ef7IbDX+/UsWJOXaAyTdkT7Yy9ZBqPg8bgB/Dn3CZ9SBpNieozrPRHm0BGww7W/jA==

esbuild-linux-mips64le@0.13.15:
  version "0.13.15"
  resolved "https://registry.npmmirror.com/esbuild-linux-mips64le/download/esbuild-linux-mips64le-0.13.15.tgz#36b07cc47c3d21e48db3bb1f4d9ef8f46aead4f7"
  integrity sha512-KlVjIG828uFPyJkO/8gKwy9RbXhCEUeFsCGOJBepUlpa7G8/SeZgncUEz/tOOUJTcWMTmFMtdd3GElGyAtbSWg==

esbuild-linux-ppc64le@0.13.15:
  version "0.13.15"
  resolved "https://registry.npmmirror.com/esbuild-linux-ppc64le/download/esbuild-linux-ppc64le-0.13.15.tgz#f7e6bba40b9a11eb9dcae5b01550ea04670edad2"
  integrity sha512-h6gYF+OsaqEuBjeesTBtUPw0bmiDu7eAeuc2OEH9S6mV9/jPhPdhOWzdeshb0BskRZxPhxPOjqZ+/OqLcxQwEQ==

esbuild-netbsd-64@0.13.15:
  version "0.13.15"
  resolved "https://registry.npmmirror.com/esbuild-netbsd-64/download/esbuild-netbsd-64-0.13.15.tgz#a2fedc549c2b629d580a732d840712b08d440038"
  integrity sha512-3+yE9emwoevLMyvu+iR3rsa+Xwhie7ZEHMGDQ6dkqP/ndFzRHkobHUKTe+NCApSqG5ce2z4rFu+NX/UHnxlh3w==

esbuild-openbsd-64@0.13.15:
  version "0.13.15"
  resolved "https://registry.npmmirror.com/esbuild-openbsd-64/download/esbuild-openbsd-64-0.13.15.tgz#b22c0e5806d3a1fbf0325872037f885306b05cd7"
  integrity sha512-wTfvtwYJYAFL1fSs8yHIdf5GEE4NkbtbXtjLWjM3Cw8mmQKqsg8kTiqJ9NJQe5NX/5Qlo7Xd9r1yKMMkHllp5g==

esbuild-sunos-64@0.13.15:
  version "0.13.15"
  resolved "https://registry.npmmirror.com/esbuild-sunos-64/download/esbuild-sunos-64-0.13.15.tgz#d0b6454a88375ee8d3964daeff55c85c91c7cef4"
  integrity sha512-lbivT9Bx3t1iWWrSnGyBP9ODriEvWDRiweAs69vI+miJoeKwHWOComSRukttbuzjZ8r1q0mQJ8Z7yUsDJ3hKdw==

esbuild-windows-32@0.13.15:
  version "0.13.15"
  resolved "https://registry.npmmirror.com/esbuild-windows-32/download/esbuild-windows-32-0.13.15.tgz#c96d0b9bbb52f3303322582ef8e4847c5ad375a7"
  integrity sha512-fDMEf2g3SsJ599MBr50cY5ve5lP1wyVwTe6aLJsM01KtxyKkB4UT+fc5MXQFn3RLrAIAZOG+tHC+yXObpSn7Nw==

esbuild-windows-64@0.13.15:
  version "0.13.15"
  resolved "https://registry.npmmirror.com/esbuild-windows-64/download/esbuild-windows-64-0.13.15.tgz"
  integrity sha512-9aMsPRGDWCd3bGjUIKG/ZOJPKsiztlxl/Q3C1XDswO6eNX/Jtwu4M+jb6YDH9hRSUflQWX0XKAfWzgy5Wk54JQ==

esbuild-windows-arm64@0.13.15:
  version "0.13.15"
  resolved "https://registry.npmmirror.com/esbuild-windows-arm64/download/esbuild-windows-arm64-0.13.15.tgz#482173070810df22a752c686509c370c3be3b3c3"
  integrity sha512-zzvyCVVpbwQQATaf3IG8mu1IwGEiDxKkYUdA4FpoCHi1KtPa13jeScYDjlW0Qh+ebWzpKfR2ZwvqAQkSWNcKjA==

esbuild@^0.13.12:
  version "0.13.15"
  resolved "https://registry.npmmirror.com/esbuild/download/esbuild-0.13.15.tgz"
  integrity sha512-raCxt02HBKv8RJxE8vkTSCXGIyKHdEdGfUmiYb8wnabnaEmHzyW7DCHb5tEN0xU8ryqg5xw54mcwnYkC4x3AIw==
  optionalDependencies:
    esbuild-android-arm64 "0.13.15"
    esbuild-darwin-64 "0.13.15"
    esbuild-darwin-arm64 "0.13.15"
    esbuild-freebsd-64 "0.13.15"
    esbuild-freebsd-arm64 "0.13.15"
    esbuild-linux-32 "0.13.15"
    esbuild-linux-64 "0.13.15"
    esbuild-linux-arm "0.13.15"
    esbuild-linux-arm64 "0.13.15"
    esbuild-linux-mips64le "0.13.15"
    esbuild-linux-ppc64le "0.13.15"
    esbuild-netbsd-64 "0.13.15"
    esbuild-openbsd-64 "0.13.15"
    esbuild-sunos-64 "0.13.15"
    esbuild-windows-32 "0.13.15"
    esbuild-windows-64 "0.13.15"
    esbuild-windows-arm64 "0.13.15"

estree-walker@^2.0.1, estree-walker@^2.0.2:
  version "2.0.2"
  resolved "https://registry.npmmirror.com/estree-walker/download/estree-walker-2.0.2.tgz"
  integrity sha1-UvAQF4wqTBF6d1fP6UKtt9LaTKw=

fast-glob@^3.2.7:
  version "3.2.9"
  resolved "https://registry.npmmirror.com/fast-glob/download/fast-glob-3.2.9.tgz"
  integrity sha512-MBwILhhD92sziIrMQwpqcuGERF+BH99ei2a3XsGJuqEKcSycAL+w0HWokFenZXona+kjFr82Lf71eTxNRC06XQ==
  dependencies:
    "@nodelib/fs.stat" "^2.0.2"
    "@nodelib/fs.walk" "^1.2.3"
    glob-parent "^5.1.2"
    merge2 "^1.3.0"
    micromatch "^4.0.4"

fastq@^1.6.0:
  version "1.13.0"
  resolved "https://registry.nlark.com/fastq/download/fastq-1.13.0.tgz"
  integrity sha1-YWdg+Ip1Jr38WWt8q4wYk4w2uYw=
  dependencies:
    reusify "^1.0.4"

fill-range@^7.0.1:
  version "7.0.1"
  resolved "https://registry.npm.taobao.org/fill-range/download/fill-range-7.0.1.tgz"
  integrity sha1-GRmmp8df44ssfHflGYU12prN2kA=
  dependencies:
    to-regex-range "^5.0.1"

follow-redirects@^1.14.4:
  version "1.14.6"
  resolved "https://registry.npmmirror.com/follow-redirects/download/follow-redirects-1.14.6.tgz#8cfb281bbc035b3c067d6cd975b0f6ade6e855cd"
  integrity sha512-fhUl5EwSJbbl8AR+uYL2KQDxLkdSjZGR36xy46AO7cOMTrCMON6Sa28FmAnC2tRTDbd/Uuzz3aJBv7EBN7JH8A==

fsevents@~2.3.2:
  version "2.3.2"
  resolved "https://registry.npmmirror.com/fsevents/download/fsevents-2.3.2.tgz#8a526f78b8fdf4623b709e0b975c52c24c02fd1a"
  integrity sha1-ilJveLj99GI7cJ4Ll1xSwkwC/Ro=

function-bind@^1.1.1:
  version "1.1.1"
  resolved "https://registry.npm.taobao.org/function-bind/download/function-bind-1.1.1.tgz"
  integrity sha1-pWiZ0+o8m6uHS7l3O3xe3pL0iV0=

glob-parent@^5.1.2, glob-parent@~5.1.2:
  version "5.1.2"
  resolved "https://registry.npmmirror.com/glob-parent/download/glob-parent-5.1.2.tgz"
  integrity sha1-hpgyxYA0/mikCTwX3BXoNA2EAcQ=
  dependencies:
    is-glob "^4.0.1"

has@^1.0.3:
  version "1.0.3"
  resolved "https://registry.nlark.com/has/download/has-1.0.3.tgz?cache=0&sync_timestamp=1618847173393&other_urls=https%3A%2F%2Fregistry.nlark.com%2Fhas%2Fdownload%2Fhas-1.0.3.tgz"
  integrity sha1-ci18v8H2qoJB8W3YFOAR4fQeh5Y=
  dependencies:
    function-bind "^1.1.1"

immutable@^4.0.0:
  version "4.0.0"
  resolved "https://registry.npmmirror.com/immutable/download/immutable-4.0.0.tgz?cache=0&sync_timestamp=1633650938783&other_urls=https%3A%2F%2Fregistry.npmmirror.com%2Fimmutable%2Fdownload%2Fimmutable-4.0.0.tgz#b86f78de6adef3608395efb269a91462797e2c23"
  integrity sha1-uG943mre82CDle+yaakUYnl+LCM=

is-binary-path@~2.1.0:
  version "2.1.0"
  resolved "https://registry.nlark.com/is-binary-path/download/is-binary-path-2.1.0.tgz"
  integrity sha1-6h9/O4DwZCNug0cPhsCcJU+0Wwk=
  dependencies:
    binary-extensions "^2.0.0"

is-core-module@^2.8.0:
  version "2.8.1"
  resolved "https://registry.npmmirror.com/is-core-module/download/is-core-module-2.8.1.tgz"
  integrity sha512-SdNCUs284hr40hFTFP6l0IfZ/RSrMXF3qgoRHd3/79unUTvrFO/JoXwkGm+5J/Oe3E/b5GsnG330uUNgRpu1PA==
  dependencies:
    has "^1.0.3"

is-extglob@^2.1.1:
  version "2.1.1"
  resolved "https://registry.npm.taobao.org/is-extglob/download/is-extglob-2.1.1.tgz"
  integrity sha1-qIwCU1eR8C7TfHahueqXc8gz+MI=

is-glob@^4.0.1, is-glob@~4.0.1:
  version "4.0.3"
  resolved "https://registry.npmmirror.com/is-glob/download/is-glob-4.0.3.tgz"
  integrity sha1-ZPYeQsu7LuwgcanawLKLoeZdUIQ=
  dependencies:
    is-extglob "^2.1.1"

is-number@^7.0.0:
  version "7.0.0"
  resolved "https://registry.nlark.com/is-number/download/is-number-7.0.0.tgz"
  integrity sha1-dTU0W4lnNNX4DE0GxQlVUnoU8Ss=

local-pkg@^0.4.0:
  version "0.4.1"
  resolved "https://registry.npmmirror.com/local-pkg/download/local-pkg-0.4.1.tgz"
  integrity sha512-lL87ytIGP2FU5PWwNDo0w3WhIo2gopIAxPg9RxDYF7m4rr5ahuZxP22xnJHIvaLTe4Z9P6uKKY2UHiwyB4pcrw==

lodash@^4.17.21:
  version "4.17.21"
  resolved "https://registry.npmmirror.com/lodash/download/lodash-4.17.21.tgz"
  integrity sha512-v2kDEe57lecTulaDIuNTPy3Ry4gLGJ6Z1O3vE1krgXZNrsQ+LFTGHVxVjcXPs17LhbZVGedAJv8XZ1tvj5FvSg==

magic-string@^0.25.7:
  version "0.25.7"
  resolved "https://registry.nlark.com/magic-string/download/magic-string-0.25.7.tgz"
  integrity sha1-P0l9b9NMZpxnmNy4IfLvMfVEUFE=
  dependencies:
    sourcemap-codec "^1.4.4"

memoize-one@^6.0.0:
  version "6.0.0"
  resolved "https://registry.npmmirror.com/memoize-one/download/memoize-one-6.0.0.tgz"
  integrity sha1-slkbhx7YKUiu5HJ9xqvO7qyMEEU=

merge2@^1.3.0:
  version "1.4.1"
  resolved "https://registry.npm.taobao.org/merge2/download/merge2-1.4.1.tgz"
  integrity sha1-Q2iJL4hekHRVpv19xVwMnUBJkK4=

micromatch@^4.0.4:
  version "4.0.4"
  resolved "https://registry.nlark.com/micromatch/download/micromatch-4.0.4.tgz"
  integrity sha1-iW1Rnf6dsl/OlM63pQCRm/iB6/k=
  dependencies:
    braces "^3.0.1"
    picomatch "^2.2.3"

minimatch@^3.0.4:
  version "3.0.4"
  resolved "https://registry.npm.taobao.org/minimatch/download/minimatch-3.0.4.tgz"
  integrity sha1-UWbihkV/AzBgZL5Ul+jbsMPTIIM=
  dependencies:
    brace-expansion "^1.1.7"

ms@2.1.2:
  version "2.1.2"
  resolved "https://registry.npmmirror.com/ms/download/ms-2.1.2.tgz"
  integrity sha1-0J0fNXtEP0kzgqjrPM0YOHKuYAk=

nanoid@^3.1.30:
  version "3.1.30"
  resolved "https://registry.npmmirror.com/nanoid/download/nanoid-3.1.30.tgz"
  integrity sha512-zJpuPDwOv8D2zq2WRoMe1HsfZthVewpel9CAvTfc/2mBD1uUT/agc5f7GHGWXlYkFvi1mVxe4IjvP2HNrop7nQ==

normalize-path@^3.0.0, normalize-path@~3.0.0:
  version "3.0.0"
  resolved "https://registry.npm.taobao.org/normalize-path/download/normalize-path-3.0.0.tgz"
  integrity sha1-Dc1p/yOhybEf0JeDFmRKA4ghamU=

normalize-wheel-es@^1.1.1:
  version "1.1.1"
  resolved "https://registry.npmmirror.com/normalize-wheel-es/download/normalize-wheel-es-1.1.1.tgz"
  integrity sha1-qAlttqVvlDMtiE/Y6+2ojy/HlWk=

path-parse@^1.0.7:
  version "1.0.7"
  resolved "https://registry.nlark.com/path-parse/download/path-parse-1.0.7.tgz"
  integrity sha1-+8EUtgykKzDZ2vWFjkvWi77bZzU=

picocolors@^1.0.0:
  version "1.0.0"
  resolved "https://registry.npmmirror.com/picocolors/download/picocolors-1.0.0.tgz?cache=0&sync_timestamp=1634093442271&other_urls=https%3A%2F%2Fregistry.npmmirror.com%2Fpicocolors%2Fdownload%2Fpicocolors-1.0.0.tgz"
  integrity sha1-y1vcdP8/UYkiNur3nWi8RFZKuBw=

picomatch@^2.0.4, picomatch@^2.2.1, picomatch@^2.2.2, picomatch@^2.2.3:
  version "2.3.1"
  resolved "https://registry.npmmirror.com/picomatch/download/picomatch-2.3.1.tgz"
  integrity sha512-JU3teHTNjmE2VCGFzuY8EXzCDVwEqB2a8fsIvwaStHhAWJEeVd1o1QD80CU6+ZdEXXSLbSsuLwJjkCBWqRQUVA==

postcss@^8.1.10, postcss@^8.4.5:
  version "8.4.5"
  resolved "https://registry.npmmirror.com/postcss/download/postcss-8.4.5.tgz"
  integrity sha512-jBDboWM8qpaqwkMwItqTQTiFikhs/67OYVvblFFTM7MrZjt6yMKd6r2kgXizEbTTljacm4NldIlZnhbjr84QYg==
  dependencies:
    nanoid "^3.1.30"
    picocolors "^1.0.0"
    source-map-js "^1.0.1"

queue-microtask@^1.2.2:
  version "1.2.3"
  resolved "https://registry.nlark.com/queue-microtask/download/queue-microtask-1.2.3.tgz"
  integrity sha1-SSkii7xyTfrEPg77BYyve2z7YkM=

readdirp@~3.6.0:
  version "3.6.0"
  resolved "https://registry.npm.taobao.org/readdirp/download/readdirp-3.6.0.tgz"
  integrity sha1-dKNwvYVxFuJFspzJc0DNQxoCpsc=
  dependencies:
    picomatch "^2.2.1"

resolve@^1.20.0:
  version "1.21.0"
  resolved "https://registry.npmmirror.com/resolve/download/resolve-1.21.0.tgz"
  integrity sha512-3wCbTpk5WJlyE4mSOtDLhqQmGFi0/TD9VPwmiolnk8U0wRgMEktqCXd3vy5buTO3tljvalNvKrjHEfrd2WpEKA==
  dependencies:
    is-core-module "^2.8.0"
    path-parse "^1.0.7"
    supports-preserve-symlinks-flag "^1.0.0"

reusify@^1.0.4:
  version "1.0.4"
  resolved "https://registry.npm.taobao.org/reusify/download/reusify-1.0.4.tgz"
  integrity sha1-kNo4Kx4SbvwCFG6QhFqI2xKSXXY=

rollup@^2.59.0:
  version "2.63.0"
  resolved "https://registry.npmmirror.com/rollup/download/rollup-2.63.0.tgz"
  integrity sha512-nps0idjmD+NXl6OREfyYXMn/dar3WGcyKn+KBzPdaLecub3x/LrId0wUcthcr8oZUAcZAR8NKcfGGFlNgGL1kQ==
  optionalDependencies:
    fsevents "~2.3.2"

run-parallel@^1.1.9:
  version "1.2.0"
  resolved "https://registry.nlark.com/run-parallel/download/run-parallel-1.2.0.tgz"
  integrity sha1-ZtE2jae9+SHrnZW9GpIp5/IaQ+4=
  dependencies:
    queue-microtask "^1.2.2"

sass@^1.47.0:
  version "1.47.0"
  resolved "https://registry.npmmirror.com/sass/download/sass-1.47.0.tgz#c22dd0eed2e4a991430dae0b03c8e694bc41c2b4"
  integrity sha512-GtXwvwgD7/6MLUZPnlA5/8cdRgC9SzT5kAnnJMRmEZQFRE3J56Foswig4NyyyQGsnmNvg6EUM/FP0Pe9Y2zywQ==
  dependencies:
    chokidar ">=3.0.0 <4.0.0"
    immutable "^4.0.0"
    source-map-js ">=0.6.2 <2.0.0"

shvl@^2.0.3:
  version "2.0.3"
  resolved "https://registry.npm.taobao.org/shvl/download/shvl-2.0.3.tgz#eb4bd37644f5684bba1fc52c3010c96fb5e6afd1"
  integrity sha1-60vTdkT1aEu6H8UsMBDJb7Xmr9E=

"source-map-js@>=0.6.2 <2.0.0", source-map-js@^1.0.1:
  version "1.0.1"
  resolved "https://registry.npmmirror.com/source-map-js/download/source-map-js-1.0.1.tgz"
  integrity sha512-4+TN2b3tqOCd/kaGRJ/sTYA0tR0mdXx26ipdolxcwtJVqEnqNYvlCAt1q3ypy4QMlYus+Zh34RNtYLoq2oQ4IA==

source-map@^0.6.1:
  version "0.6.1"
  resolved "https://registry.npm.taobao.org/source-map/download/source-map-0.6.1.tgz"
  integrity sha1-dHIq8y6WFOnCh6jQu95IteLxomM=

sourcemap-codec@^1.4.4:
  version "1.4.8"
  resolved "https://registry.nlark.com/sourcemap-codec/download/sourcemap-codec-1.4.8.tgz"
  integrity sha1-6oBL2UhXQC5pktBaOO8a41qatMQ=

supports-preserve-symlinks-flag@^1.0.0:
  version "1.0.0"
  resolved "https://registry.npmmirror.com/supports-preserve-symlinks-flag/download/supports-preserve-symlinks-flag-1.0.0.tgz"
  integrity sha512-ot0WnXS9fgdkgIcePe6RHNk1WA8+muPa6cSjeR3V8K27q9BB1rTE3R1p7Hv0z1ZyAc8s6Vvv8DIyWf681MAt0w==

to-regex-range@^5.0.1:
  version "5.0.1"
  resolved "https://registry.nlark.com/to-regex-range/download/to-regex-range-5.0.1.tgz"
  integrity sha1-FkjESq58jZiKMmAY7XL1tN0DkuQ=
  dependencies:
    is-number "^7.0.0"

unplugin-auto-import@^0.5.5:
  version "0.5.5"
  resolved "https://registry.npmmirror.com/unplugin-auto-import/download/unplugin-auto-import-0.5.5.tgz"
  integrity sha512-PAP/6WdqWtGhlQBvlVZ7qmhHbLcTYSsARtFSbY/jaUx/SaQkRT7SvronHIKEvx4bPmS+l4erQ9gQKSBBPzvUnQ==
  dependencies:
    "@antfu/utils" "^0.3.0"
    "@rollup/pluginutils" "^4.1.2"
    local-pkg "^0.4.0"
    magic-string "^0.25.7"
    resolve "^1.20.0"
    unplugin "^0.2.21"

unplugin-vue-components@^0.17.11:
  version "0.17.11"
  resolved "https://registry.npmmirror.com/unplugin-vue-components/download/unplugin-vue-components-0.17.11.tgz"
  integrity sha512-u5MQ0TbikszRelCt6EA/HskGtGkGLDxi7tQ4/4tcEPWkH3yXSZRJCOeLF5MSdxN1SiGjaJ0I9zeHjoZFC3FvRw==
  dependencies:
    "@antfu/utils" "^0.3.0"
    "@rollup/pluginutils" "^4.1.1"
    chokidar "^3.5.2"
    debug "^4.3.2"
    fast-glob "^3.2.7"
    local-pkg "^0.4.0"
    magic-string "^0.25.7"
    minimatch "^3.0.4"
    resolve "^1.20.0"
    unplugin "^0.2.21"

unplugin@^0.2.21:
  version "0.2.21"
  resolved "https://registry.npmmirror.com/unplugin/download/unplugin-0.2.21.tgz"
  integrity sha512-IJ15/L5XbhnV7J09Zjk0FT5HEkBjkXucWAXQWRsmEtUxmmxwh23yavrmDbCF6ZPxWiVB28+wnKIHePTRRpQPbQ==
  dependencies:
    webpack-virtual-modules "^0.4.3"

vite@^2.7.2:
  version "2.7.10"
  resolved "https://registry.npmmirror.com/vite/download/vite-2.7.10.tgz"
  integrity sha512-KEY96ntXUid1/xJihJbgmLZx7QSC2D4Tui0FdS0Old5OokYzFclcofhtxtjDdGOk/fFpPbHv9yw88+rB93Tb8w==
  dependencies:
    esbuild "^0.13.12"
    postcss "^8.4.5"
    resolve "^1.20.0"
    rollup "^2.59.0"
  optionalDependencies:
    fsevents "~2.3.2"

vue-demi@*:
  version "0.12.1"
  resolved "https://registry.npmmirror.com/vue-demi/download/vue-demi-0.12.1.tgz"
  integrity sha1-9+GO++z/0RqwadFHLXoG4xm0F0w=

vue-router@^4.0.12:
  version "4.0.12"
  resolved "https://registry.npmmirror.com/vue-router/download/vue-router-4.0.12.tgz"
  integrity sha512-CPXvfqe+mZLB1kBWssssTiWg4EQERyqJZes7USiqfW9B5N2x+nHlnsM1D3b5CaJ6qgCvMmYJnz+G0iWjNCvXrg==
  dependencies:
    "@vue/devtools-api" "^6.0.0-beta.18"

vue@^3.2.25:
  version "3.2.26"
  resolved "https://registry.npmmirror.com/vue/download/vue-3.2.26.tgz"
  integrity sha512-KD4lULmskL5cCsEkfhERVRIOEDrfEL9CwAsLYpzptOGjaGFNWo3BQ9g8MAb7RaIO71rmVOziZ/uEN/rHwcUIhg==
  dependencies:
    "@vue/compiler-dom" "3.2.26"
    "@vue/compiler-sfc" "3.2.26"
    "@vue/runtime-dom" "3.2.26"
    "@vue/server-renderer" "3.2.26"
    "@vue/shared" "3.2.26"

vuex-persistedstate@^4.1.0:
  version "4.1.0"
  resolved "https://registry.npmmirror.com/vuex-persistedstate/download/vuex-persistedstate-4.1.0.tgz#127165f85f5b4534fb3170a5d3a8be9811bd2a53"
  integrity sha512-3SkEj4NqwM69ikJdFVw6gObeB0NHyspRYMYkR/EbhR0hbvAKyR5gksVhtAfY1UYuWUOCCA0QNGwv9pOwdj+XUQ==
  dependencies:
    deepmerge "^4.2.2"
    shvl "^2.0.3"

vuex@^4.0.2:
  version "4.0.2"
  resolved "https://registry.npmmirror.com/vuex/download/vuex-4.0.2.tgz"
  integrity sha512-M6r8uxELjZIK8kTKDGgZTYX/ahzblnzC4isU1tpmEuOIIKmV+TRdc+H4s8ds2NuZ7wpUTdGRzJRtoj+lI+pc0Q==
  dependencies:
    "@vue/devtools-api" "^6.0.0-beta.11"

webpack-virtual-modules@^0.4.3:
  version "0.4.3"
  resolved "https://registry.nlark.com/webpack-virtual-modules/download/webpack-virtual-modules-0.4.3.tgz"
  integrity sha1-zVl8bVHVpey0c+6hmDpY+ooX3tk=
